
Microsoft Visual Studio Solution File, Format Version 12.00
# Visual Studio Version 16
VisualStudioVersion = 16.0.30621.155
MinimumVisualStudioVersion = 10.0.40219.1
Project("{E53339B2-1760-4266-BCC7-CA923CBCF16C}") = "docker-compose", "docker-compose.dcproj", "{9C4204CA-A335-4021-BEB6-7FE9B41DB9BA}"
EndProject
Project("{9A19103F-16F7-4668-BE54-9A1E7A4F7556}") = "We.Sparkie.Catalogue.Api", "We.Sparkie.Catalogue.Api\We.Sparkie.Catalogue.Api.csproj", "{9EB14142-830C-4A13-990D-E5AAECCB1EAE}"
EndProject
Project("{9A19103F-16F7-4668-BE54-9A1E7A4F7556}") = "We.Sparkie.Catalogue.Tests", "We.Sparkie.Catalogue.Tests\We.Sparkie.Catalogue.Tests.csproj", "{C9C7386B-939B-418B-B8AA-575F5BB4FDC8}"
EndProject
Project("{00D1A9C2-B5F0-4AF3-8072-F6C62B433612}") = "We.Sparkie.Catalogue.Data", "We.Sparkie.Catalogue.Data\We.Sparkie.Catalogue.Data.sqlproj", "{3E9D09EE-BF6C-4FF3-8736-11D40B1D68F6}"
EndProject
Global
	GlobalSection(SolutionConfigurationPlatforms) = preSolution
		Debug|Any CPU = Debug|Any CPU
		Release|Any CPU = Release|Any CPU
	EndGlobalSection
	GlobalSection(ProjectConfigurationPlatforms) = postSolution
		{9C4204CA-A335-4021-BEB6-7FE9B41DB9BA}.Debug|Any CPU.ActiveCfg = Debug|Any CPU
		{9C4204CA-A335-4021-BEB6-7FE9B41DB9BA}.Debug|Any CPU.Build.0 = Debug|Any CPU
		{9C4204CA-A335-4021-BEB6-7FE9B41DB9BA}.Release|Any CPU.ActiveCfg = Release|Any CPU
		{9C4204CA-A335-4021-BEB6-7FE9B41DB9BA}.Release|Any CPU.Build.0 = Release|Any CPU
		{9EB14142-830C-4A13-990D-E5AAECCB1EAE}.Debug|Any CPU.ActiveCfg = Debug|Any CPU
		{9EB14142-830C-4A13-990D-E5AAECCB1EAE}.Debug|Any CPU.Build.0 = Debug|Any CPU
		{9EB14142-830C-4A13-990D-E5AAECCB1EAE}.Release|Any CPU.ActiveCfg = Release|Any CPU
		{9EB14142-830C-4A13-990D-E5AAECCB1EAE}.Release|Any CPU.Build.0 = Release|Any CPU
		{C9C7386B-939B-418B-B8AA-575F5BB4FDC8}.Debug|Any CPU.ActiveCfg = Debug|Any CPU
		{C9C7386B-939B-418B-B8AA-575F5BB4FDC8}.Debug|Any CPU.Build.0 = Debug|Any CPU
		{C9C7386B-939B-418B-B8AA-575F5BB4FDC8}.Release|Any CPU.ActiveCfg = Release|Any CPU
		{C9C7386B-939B-418B-B8AA-575F5BB4FDC8}.Release|Any CPU.Build.0 = Release|Any CPU
		{3E9D09EE-BF6C-4FF3-8736-11D40B1D68F6}.Debug|Any CPU.ActiveCfg = Debug|Any CPU
		{3E9D09EE-BF6C-4FF3-8736-11D40B1D68F6}.Debug|Any CPU.Build.0 = Debug|Any CPU
		{3E9D09EE-BF6C-4FF3-8736-11D40B1D68F6}.Debug|Any CPU.Deploy.0 = Debug|Any CPU
		{3E9D09EE-BF6C-4FF3-8736-11D40B1D68F6}.Release|Any CPU.ActiveCfg = Release|Any CPU
		{3E9D09EE-BF6C-4FF3-8736-11D40B1D68F6}.Release|Any CPU.Build.0 = Release|Any CPU
		{3E9D09EE-BF6C-4FF3-8736-11D40B1D68F6}.Release|Any CPU.Deploy.0 = Release|Any CPU
	EndGlobalSection
	GlobalSection(SolutionProperties) = preSolution
		HideSolutionNode = FALSE
	EndGlobalSection
	GlobalSection(ExtensibilityGlobals) = postSolution
		SolutionGuid = {D84F2D0F-230F-4F2F-800D-0AE89E836F03}
	EndGlobalSection
EndGlobal
